[[package]]
category = "main"
description = "Asynchronous file operations."
name = "aiofile"
optional = false
python-versions = "*"
version = "1.5.2"

[metadata]
content-hash = "998382e8c1b261bbacea1e87cbd33326cfb8856207c5e9d408b8b17ea658cf8c"
python-versions = "^3.7"

[metadata.hashes]
aiofile = ["229078abbaab87adfcaad0fa7766b9b8251d42d0242deac6166da433b027ef1f", "312d50ed7e646a40ab2a5457fdf382870aca926f956921ab8c7ab72c3922f372", "8c50fcb42ee2bad2ae811edb972724e7f6bf3b0a6565a498f2432862b548b92d", "a9a457654e561c396b88f70a0d5fa00e40a337853aa180bc805d9d5efb82317c", "cef9e7bdf93db6a4c7ffe9ef0c354e2887695ec2a3a9dda8ed285005ec835616", "d1da2fc9aa7509d29ea09617bf533bd1045f79cfdfb10ee83da90ba2212720a2", "e43cb5e3181a8dfb73afbb4749b024e9a35a52e60ecf97d1d3db2731212cb0a0"]
